<?xml version="1.0" encoding="UTF-8"?>
<Project ToolsVersion="14.0" xmlns="http://schemas.microsoft.com/developer/msbuild/2003">
  <ItemGroup>
    <ClCompile Include="E:\Projects\CPP\sdl-scratch\main_program\src\main.cpp">
      <Filter>Source Files</Filter>
    </ClCompile>
    <ClCompile Include="E:\Projects\CPP\sdl-scratch\main_program\src\MainGame.cpp">
      <Filter>Source Files</Filter>
    </ClCompile>
    <ClCompile Include="E:\Projects\CPP\sdl-scratch\main_program\src\Video\Sprite.cpp">
      <Filter>Source Files</Filter>
    </ClCompile>
    <ClCompile Include="E:\Projects\CPP\sdl-scratch\main_program\src\Video\Shader.cpp">
      <Filter>Source Files</Filter>
    </ClCompile>
    <ClCompile Include="E:\Projects\CPP\sdl-scratch\main_program\src\Video\TextureCache.cpp">
      <Filter>Source Files</Filter>
    </ClCompile>
  </ItemGroup>
  <ItemGroup>
    <CustomBuild Include="E:\Projects\CPP\sdl-scratch\main_program\CMakeLists.txt" />
  </ItemGroup>
  <ItemGroup>
    <Filter Include="Source Files">
      <UniqueIdentifier>{893802F8-55B2-4031-A6E6-5D94D97CA655}</UniqueIdentifier>
    </Filter>
  </ItemGroup>
</Project>
