<?xml version="1.0" encoding="UTF-8"?>
<Project ToolsVersion="14.0" xmlns="http://schemas.microsoft.com/developer/msbuild/2003">
  <ItemGroup>
    <CustomBuild Include="E:\Projects\CPP\sdl-scratch\win32_build\CMakeFiles\e2695b1a355802be5daca33ca6f5b8a1\generate.stamp.rule">
      <Filter>CMake Rules</Filter>
    </CustomBuild>
  </ItemGroup>
  <ItemGroup>
    <Filter Include="CMake Rules">
      <UniqueIdentifier>{917D2DA8-3352-44A8-9BEF-AEF07D89D0AC}</UniqueIdentifier>
    </Filter>
  </ItemGroup>
</Project>
